
Microsoft Visual Studio Solution File, Format Version 12.00
# Visual Studio 15
VisualStudioVersion = 15.0.27703.2000
MinimumVisualStudioVersion = 10.0.40219.1
Project("{FAE04EC0-301F-11D3-BF4B-00C04F79EFBC}") = "DebugDemo", "DebugDemo\DebugDemo.csproj", "{66A09781-0F37-4EF3-AC76-8A8D83FC30F2}"
EndProject
Project("{FAE04EC0-301F-11D3-BF4B-00C04F79EFBC}") = "SimpleVariabler", "SimpleVariabler\SimpleVariabler.csproj", "{8A6FAB80-BB5A-4C03-9BA7-10B289A29A4E}"
EndProject
Project("{FAE04EC0-301F-11D3-BF4B-00C04F79EFBC}") = "RefVariabler", "RefVariabler\RefVariabler.csproj", "{62336C74-F8CF-4753-941C-946A7D7EE193}"
EndProject
Project("{FAE04EC0-301F-11D3-BF4B-00C04F79EFBC}") = "StackHeapOpg", "StackHeapOpg\StackHeapOpg.csproj", "{213FB068-F777-4DEC-9197-8DB3A8B99012}"
EndProject
Project("{FAE04EC0-301F-11D3-BF4B-00C04F79EFBC}") = "Metoder", "Metoder\Metoder.csproj", "{68A2789B-777D-465A-BAB7-7B500E7BB20E}"
EndProject
Project("{FAE04EC0-301F-11D3-BF4B-00C04F79EFBC}") = "OOP", "OOP\OOP.csproj", "{CC38FD3F-3DB8-4036-B431-B1E44A70D87A}"
EndProject
Project("{FAE04EC0-301F-11D3-BF4B-00C04F79EFBC}") = "BestPratice", "BestPratice\BestPratice.csproj", "{D19E46C4-5B59-45AC-8B58-1B39837BA17F}"
EndProject
Project("{FAE04EC0-301F-11D3-BF4B-00C04F79EFBC}") = "Egenskaber", "Egenskaber\Egenskaber.csproj", "{19DEF26C-47CB-4509-9714-42E290759326}"
EndProject
Project("{FAE04EC0-301F-11D3-BF4B-00C04F79EFBC}") = "WinFromDemo", "WinFromDemo\WinFromDemo.csproj", "{155E9454-1AEC-4735-9CEF-A3AA4CA0B976}"
EndProject
Project("{FAE04EC0-301F-11D3-BF4B-00C04F79EFBC}") = "StatiskeMedlemmer", "StatiskeMedlemmer\StatiskeMedlemmer.csproj", "{70F41AE5-D4D9-40DF-82DB-4B3DD698825C}"
EndProject
Project("{FAE04EC0-301F-11D3-BF4B-00C04F79EFBC}") = "Teknologisk.Kortspil.Kerne", "Teknologisk.Kortspil.Kerne\Teknologisk.Kortspil.Kerne.csproj", "{735477F2-17E4-4195-A400-2106F911EAE1}"
EndProject
Project("{FAE04EC0-301F-11D3-BF4B-00C04F79EFBC}") = "Teknologisk.Kortspil.UI.Console", "Teknologisk.Kortspil.UI.Console\Teknologisk.Kortspil.UI.Console.csproj", "{F831ACA1-3DB9-400C-9009-941CAE2C8581}"
EndProject
Project("{FAE04EC0-301F-11D3-BF4B-00C04F79EFBC}") = "Teknologisk.Kortspil.Test.UnitTest", "Teknologisk.Kortspil.Test.UnitTest\Teknologisk.Kortspil.Test.UnitTest.csproj", "{34BF8F5D-FD5E-4891-A530-48FAF2F96763}"
EndProject
Project("{FAE04EC0-301F-11D3-BF4B-00C04F79EFBC}") = "Arv", "Arv\Arv.csproj", "{E629FDDD-BE35-4D30-9102-C9F94E87F051}"
EndProject
Project("{FAE04EC0-301F-11D3-BF4B-00C04F79EFBC}") = "Terning", "Terning\Terning.csproj", "{B563A603-6A8B-4248-A59D-EB6B1876BF0C}"
EndProject
Project("{FAE04EC0-301F-11D3-BF4B-00C04F79EFBC}") = "Fejl", "Fejl\Fejl.csproj", "{5286A95C-EB05-400E-94D7-030227523B81}"
EndProject
Project("{FAE04EC0-301F-11D3-BF4B-00C04F79EFBC}") = "NLog", "NLog\NLog.csproj", "{F563526E-E384-4A2F-B288-C0BD60DE473B}"
EndProject
Global
	GlobalSection(SolutionConfigurationPlatforms) = preSolution
		Debug|Any CPU = Debug|Any CPU
		Release|Any CPU = Release|Any CPU
	EndGlobalSection
	GlobalSection(ProjectConfigurationPlatforms) = postSolution
		{66A09781-0F37-4EF3-AC76-8A8D83FC30F2}.Debug|Any CPU.ActiveCfg = Debug|Any CPU
		{66A09781-0F37-4EF3-AC76-8A8D83FC30F2}.Debug|Any CPU.Build.0 = Debug|Any CPU
		{66A09781-0F37-4EF3-AC76-8A8D83FC30F2}.Release|Any CPU.ActiveCfg = Release|Any CPU
		{66A09781-0F37-4EF3-AC76-8A8D83FC30F2}.Release|Any CPU.Build.0 = Release|Any CPU
		{8A6FAB80-BB5A-4C03-9BA7-10B289A29A4E}.Debug|Any CPU.ActiveCfg = Debug|Any CPU
		{8A6FAB80-BB5A-4C03-9BA7-10B289A29A4E}.Debug|Any CPU.Build.0 = Debug|Any CPU
		{8A6FAB80-BB5A-4C03-9BA7-10B289A29A4E}.Release|Any CPU.ActiveCfg = Release|Any CPU
		{8A6FAB80-BB5A-4C03-9BA7-10B289A29A4E}.Release|Any CPU.Build.0 = Release|Any CPU
		{62336C74-F8CF-4753-941C-946A7D7EE193}.Debug|Any CPU.ActiveCfg = Debug|Any CPU
		{62336C74-F8CF-4753-941C-946A7D7EE193}.Debug|Any CPU.Build.0 = Debug|Any CPU
		{62336C74-F8CF-4753-941C-946A7D7EE193}.Release|Any CPU.ActiveCfg = Release|Any CPU
		{62336C74-F8CF-4753-941C-946A7D7EE193}.Release|Any CPU.Build.0 = Release|Any CPU
		{213FB068-F777-4DEC-9197-8DB3A8B99012}.Debug|Any CPU.ActiveCfg = Debug|Any CPU
		{213FB068-F777-4DEC-9197-8DB3A8B99012}.Debug|Any CPU.Build.0 = Debug|Any CPU
		{213FB068-F777-4DEC-9197-8DB3A8B99012}.Release|Any CPU.ActiveCfg = Release|Any CPU
		{213FB068-F777-4DEC-9197-8DB3A8B99012}.Release|Any CPU.Build.0 = Release|Any CPU
		{68A2789B-777D-465A-BAB7-7B500E7BB20E}.Debug|Any CPU.ActiveCfg = Debug|Any CPU
		{68A2789B-777D-465A-BAB7-7B500E7BB20E}.Debug|Any CPU.Build.0 = Debug|Any CPU
		{68A2789B-777D-465A-BAB7-7B500E7BB20E}.Release|Any CPU.ActiveCfg = Release|Any CPU
		{68A2789B-777D-465A-BAB7-7B500E7BB20E}.Release|Any CPU.Build.0 = Release|Any CPU
		{CC38FD3F-3DB8-4036-B431-B1E44A70D87A}.Debug|Any CPU.ActiveCfg = Debug|Any CPU
		{CC38FD3F-3DB8-4036-B431-B1E44A70D87A}.Debug|Any CPU.Build.0 = Debug|Any CPU
		{CC38FD3F-3DB8-4036-B431-B1E44A70D87A}.Release|Any CPU.ActiveCfg = Release|Any CPU
		{CC38FD3F-3DB8-4036-B431-B1E44A70D87A}.Release|Any CPU.Build.0 = Release|Any CPU
		{D19E46C4-5B59-45AC-8B58-1B39837BA17F}.Debug|Any CPU.ActiveCfg = Debug|Any CPU
		{D19E46C4-5B59-45AC-8B58-1B39837BA17F}.Debug|Any CPU.Build.0 = Debug|Any CPU
		{D19E46C4-5B59-45AC-8B58-1B39837BA17F}.Release|Any CPU.ActiveCfg = Release|Any CPU
		{D19E46C4-5B59-45AC-8B58-1B39837BA17F}.Release|Any CPU.Build.0 = Release|Any CPU
		{19DEF26C-47CB-4509-9714-42E290759326}.Debug|Any CPU.ActiveCfg = Debug|Any CPU
		{19DEF26C-47CB-4509-9714-42E290759326}.Debug|Any CPU.Build.0 = Debug|Any CPU
		{19DEF26C-47CB-4509-9714-42E290759326}.Release|Any CPU.ActiveCfg = Release|Any CPU
		{19DEF26C-47CB-4509-9714-42E290759326}.Release|Any CPU.Build.0 = Release|Any CPU
		{155E9454-1AEC-4735-9CEF-A3AA4CA0B976}.Debug|Any CPU.ActiveCfg = Debug|Any CPU
		{155E9454-1AEC-4735-9CEF-A3AA4CA0B976}.Debug|Any CPU.Build.0 = Debug|Any CPU
		{155E9454-1AEC-4735-9CEF-A3AA4CA0B976}.Release|Any CPU.ActiveCfg = Release|Any CPU
		{155E9454-1AEC-4735-9CEF-A3AA4CA0B976}.Release|Any CPU.Build.0 = Release|Any CPU
		{70F41AE5-D4D9-40DF-82DB-4B3DD698825C}.Debug|Any CPU.ActiveCfg = Debug|Any CPU
		{70F41AE5-D4D9-40DF-82DB-4B3DD698825C}.Debug|Any CPU.Build.0 = Debug|Any CPU
		{70F41AE5-D4D9-40DF-82DB-4B3DD698825C}.Release|Any CPU.ActiveCfg = Release|Any CPU
		{70F41AE5-D4D9-40DF-82DB-4B3DD698825C}.Release|Any CPU.Build.0 = Release|Any CPU
		{735477F2-17E4-4195-A400-2106F911EAE1}.Debug|Any CPU.ActiveCfg = Debug|Any CPU
		{735477F2-17E4-4195-A400-2106F911EAE1}.Debug|Any CPU.Build.0 = Debug|Any CPU
		{735477F2-17E4-4195-A400-2106F911EAE1}.Release|Any CPU.ActiveCfg = Release|Any CPU
		{735477F2-17E4-4195-A400-2106F911EAE1}.Release|Any CPU.Build.0 = Release|Any CPU
		{F831ACA1-3DB9-400C-9009-941CAE2C8581}.Debug|Any CPU.ActiveCfg = Debug|Any CPU
		{F831ACA1-3DB9-400C-9009-941CAE2C8581}.Debug|Any CPU.Build.0 = Debug|Any CPU
		{F831ACA1-3DB9-400C-9009-941CAE2C8581}.Release|Any CPU.ActiveCfg = Release|Any CPU
		{F831ACA1-3DB9-400C-9009-941CAE2C8581}.Release|Any CPU.Build.0 = Release|Any CPU
		{34BF8F5D-FD5E-4891-A530-48FAF2F96763}.Debug|Any CPU.ActiveCfg = Debug|Any CPU
		{34BF8F5D-FD5E-4891-A530-48FAF2F96763}.Debug|Any CPU.Build.0 = Debug|Any CPU
		{34BF8F5D-FD5E-4891-A530-48FAF2F96763}.Release|Any CPU.ActiveCfg = Release|Any CPU
		{34BF8F5D-FD5E-4891-A530-48FAF2F96763}.Release|Any CPU.Build.0 = Release|Any CPU
		{E629FDDD-BE35-4D30-9102-C9F94E87F051}.Debug|Any CPU.ActiveCfg = Debug|Any CPU
		{E629FDDD-BE35-4D30-9102-C9F94E87F051}.Debug|Any CPU.Build.0 = Debug|Any CPU
		{E629FDDD-BE35-4D30-9102-C9F94E87F051}.Release|Any CPU.ActiveCfg = Release|Any CPU
		{E629FDDD-BE35-4D30-9102-C9F94E87F051}.Release|Any CPU.Build.0 = Release|Any CPU
		{B563A603-6A8B-4248-A59D-EB6B1876BF0C}.Debug|Any CPU.ActiveCfg = Debug|Any CPU
		{B563A603-6A8B-4248-A59D-EB6B1876BF0C}.Debug|Any CPU.Build.0 = Debug|Any CPU
		{B563A603-6A8B-4248-A59D-EB6B1876BF0C}.Release|Any CPU.ActiveCfg = Release|Any CPU
		{B563A603-6A8B-4248-A59D-EB6B1876BF0C}.Release|Any CPU.Build.0 = Release|Any CPU
		{5286A95C-EB05-400E-94D7-030227523B81}.Debug|Any CPU.ActiveCfg = Debug|Any CPU
		{5286A95C-EB05-400E-94D7-030227523B81}.Debug|Any CPU.Build.0 = Debug|Any CPU
		{5286A95C-EB05-400E-94D7-030227523B81}.Release|Any CPU.ActiveCfg = Release|Any CPU
		{5286A95C-EB05-400E-94D7-030227523B81}.Release|Any CPU.Build.0 = Release|Any CPU
		{F563526E-E384-4A2F-B288-C0BD60DE473B}.Debug|Any CPU.ActiveCfg = Debug|Any CPU
		{F563526E-E384-4A2F-B288-C0BD60DE473B}.Debug|Any CPU.Build.0 = Debug|Any CPU
		{F563526E-E384-4A2F-B288-C0BD60DE473B}.Release|Any CPU.ActiveCfg = Release|Any CPU
		{F563526E-E384-4A2F-B288-C0BD60DE473B}.Release|Any CPU.Build.0 = Release|Any CPU
	EndGlobalSection
	GlobalSection(SolutionProperties) = preSolution
		HideSolutionNode = FALSE
	EndGlobalSection
	GlobalSection(ExtensibilityGlobals) = postSolution
		SolutionGuid = {602494E1-6F02-45FC-BC6B-633742D4A7E4}
	EndGlobalSection
EndGlobal
