
Microsoft Visual Studio Solution File, Format Version 12.00
# Visual Studio 15
VisualStudioVersion = 15.0.27703.2000
MinimumVisualStudioVersion = 10.0.40219.1
Project("{FAE04EC0-301F-11D3-BF4B-00C04F79EFBC}") = "DebugDemo", "DebugDemo\DebugDemo.csproj", "{66A09781-0F37-4EF3-AC76-8A8D83FC30F2}"
EndProject
Project("{FAE04EC0-301F-11D3-BF4B-00C04F79EFBC}") = "SimpleVariabler", "SimpleVariabler\SimpleVariabler.csproj", "{8A6FAB80-BB5A-4C03-9BA7-10B289A29A4E}"
EndProject
Project("{FAE04EC0-301F-11D3-BF4B-00C04F79EFBC}") = "RefVariabler", "RefVariabler\RefVariabler.csproj", "{62336C74-F8CF-4753-941C-946A7D7EE193}"
EndProject
Project("{FAE04EC0-301F-11D3-BF4B-00C04F79EFBC}") = "StackHeapOpg", "StackHeapOpg\StackHeapOpg.csproj", "{213FB068-F777-4DEC-9197-8DB3A8B99012}"
EndProject
Project("{FAE04EC0-301F-11D3-BF4B-00C04F79EFBC}") = "Metoder", "Metoder\Metoder.csproj", "{68A2789B-777D-465A-BAB7-7B500E7BB20E}"
EndProject
Global
	GlobalSection(SolutionConfigurationPlatforms) = preSolution
		Debug|Any CPU = Debug|Any CPU
		Release|Any CPU = Release|Any CPU
	EndGlobalSection
	GlobalSection(ProjectConfigurationPlatforms) = postSolution
		{66A09781-0F37-4EF3-AC76-8A8D83FC30F2}.Debug|Any CPU.ActiveCfg = Debug|Any CPU
		{66A09781-0F37-4EF3-AC76-8A8D83FC30F2}.Debug|Any CPU.Build.0 = Debug|Any CPU
		{66A09781-0F37-4EF3-AC76-8A8D83FC30F2}.Release|Any CPU.ActiveCfg = Release|Any CPU
		{66A09781-0F37-4EF3-AC76-8A8D83FC30F2}.Release|Any CPU.Build.0 = Release|Any CPU
		{8A6FAB80-BB5A-4C03-9BA7-10B289A29A4E}.Debug|Any CPU.ActiveCfg = Debug|Any CPU
		{8A6FAB80-BB5A-4C03-9BA7-10B289A29A4E}.Debug|Any CPU.Build.0 = Debug|Any CPU
		{8A6FAB80-BB5A-4C03-9BA7-10B289A29A4E}.Release|Any CPU.ActiveCfg = Release|Any CPU
		{8A6FAB80-BB5A-4C03-9BA7-10B289A29A4E}.Release|Any CPU.Build.0 = Release|Any CPU
		{62336C74-F8CF-4753-941C-946A7D7EE193}.Debug|Any CPU.ActiveCfg = Debug|Any CPU
		{62336C74-F8CF-4753-941C-946A7D7EE193}.Debug|Any CPU.Build.0 = Debug|Any CPU
		{62336C74-F8CF-4753-941C-946A7D7EE193}.Release|Any CPU.ActiveCfg = Release|Any CPU
		{62336C74-F8CF-4753-941C-946A7D7EE193}.Release|Any CPU.Build.0 = Release|Any CPU
		{213FB068-F777-4DEC-9197-8DB3A8B99012}.Debug|Any CPU.ActiveCfg = Debug|Any CPU
		{213FB068-F777-4DEC-9197-8DB3A8B99012}.Debug|Any CPU.Build.0 = Debug|Any CPU
		{213FB068-F777-4DEC-9197-8DB3A8B99012}.Release|Any CPU.ActiveCfg = Release|Any CPU
		{213FB068-F777-4DEC-9197-8DB3A8B99012}.Release|Any CPU.Build.0 = Release|Any CPU
		{68A2789B-777D-465A-BAB7-7B500E7BB20E}.Debug|Any CPU.ActiveCfg = Debug|Any CPU
		{68A2789B-777D-465A-BAB7-7B500E7BB20E}.Debug|Any CPU.Build.0 = Debug|Any CPU
		{68A2789B-777D-465A-BAB7-7B500E7BB20E}.Release|Any CPU.ActiveCfg = Release|Any CPU
		{68A2789B-777D-465A-BAB7-7B500E7BB20E}.Release|Any CPU.Build.0 = Release|Any CPU
	EndGlobalSection
	GlobalSection(SolutionProperties) = preSolution
		HideSolutionNode = FALSE
	EndGlobalSection
	GlobalSection(ExtensibilityGlobals) = postSolution
		SolutionGuid = {602494E1-6F02-45FC-BC6B-633742D4A7E4}
	EndGlobalSection
EndGlobal
